
Microsoft Visual Studio Solution File, Format Version 12.00
# Visual Studio Version 17
VisualStudioVersion = 17.2.32630.192
MinimumVisualStudioVersion = 10.0.40219.1
Project("{FAE04EC0-301F-11D3-BF4B-00C04F79EFBC}") = "XkcdConsole", "XkcdConsole\XkcdConsole.csproj", "{1EE1EFBE-BC90-4729-BBB5-BA2986974806}"
EndProject
Project("{FAE04EC0-301F-11D3-BF4B-00C04F79EFBC}") = "XkcdMvc", "XkcdMvc\XkcdMvc.csproj", "{FB553E5E-0346-46CF-8F71-1DCD5324FCE6}"
EndProject
Project("{FAE04EC0-301F-11D3-BF4B-00C04F79EFBC}") = "DeckofCards", "DeckofCards\DeckofCards.csproj", "{E42191B1-51EF-421A-80AD-13FFC0D941F0}"
EndProject
Global
	GlobalSection(SolutionConfigurationPlatforms) = preSolution
		Debug|Any CPU = Debug|Any CPU
		Release|Any CPU = Release|Any CPU
	EndGlobalSection
	GlobalSection(ProjectConfigurationPlatforms) = postSolution
		{1EE1EFBE-BC90-4729-BBB5-BA2986974806}.Debug|Any CPU.ActiveCfg = Debug|Any CPU
		{1EE1EFBE-BC90-4729-BBB5-BA2986974806}.Debug|Any CPU.Build.0 = Debug|Any CPU
		{1EE1EFBE-BC90-4729-BBB5-BA2986974806}.Release|Any CPU.ActiveCfg = Release|Any CPU
		{1EE1EFBE-BC90-4729-BBB5-BA2986974806}.Release|Any CPU.Build.0 = Release|Any CPU
		{FB553E5E-0346-46CF-8F71-1DCD5324FCE6}.Debug|Any CPU.ActiveCfg = Debug|Any CPU
		{FB553E5E-0346-46CF-8F71-1DCD5324FCE6}.Debug|Any CPU.Build.0 = Debug|Any CPU
		{FB553E5E-0346-46CF-8F71-1DCD5324FCE6}.Release|Any CPU.ActiveCfg = Release|Any CPU
		{FB553E5E-0346-46CF-8F71-1DCD5324FCE6}.Release|Any CPU.Build.0 = Release|Any CPU
		{E42191B1-51EF-421A-80AD-13FFC0D941F0}.Debug|Any CPU.ActiveCfg = Debug|Any CPU
		{E42191B1-51EF-421A-80AD-13FFC0D941F0}.Debug|Any CPU.Build.0 = Debug|Any CPU
		{E42191B1-51EF-421A-80AD-13FFC0D941F0}.Release|Any CPU.ActiveCfg = Release|Any CPU
		{E42191B1-51EF-421A-80AD-13FFC0D941F0}.Release|Any CPU.Build.0 = Release|Any CPU
	EndGlobalSection
	GlobalSection(SolutionProperties) = preSolution
		HideSolutionNode = FALSE
	EndGlobalSection
	GlobalSection(ExtensibilityGlobals) = postSolution
		SolutionGuid = {E80F13B6-254F-4A86-B012-BC4A72A7D266}
	EndGlobalSection
EndGlobal
